// !$*UTF8*$!
{ archiveVersion = 1; classes = {}; objectVersion = 56; objects = {
000000000000000000000001 = {isa = PBXFileReference; lastKnownFileType = sourcecode.swift; path = Sources/App/SpaceLensApp.swift; sourceTree = SOURCE_ROOT; };
000000000000000000000002 = {isa = PBXFileReference; lastKnownFileType = sourcecode.swift; path = Sources/PreviewExtension/PreviewViewController.swift; sourceTree = SOURCE_ROOT; };
000000000000000000000003 = {isa = PBXFileReference; lastKnownFileType = sourcecode.swift; path = Sources/Core/PreviewSnapshot.swift; sourceTree = SOURCE_ROOT; };
000000000000000000000038 = {isa = PBXFileReference; lastKnownFileType = sourcecode.swift; path = Sources/Core/ZipPreview.swift; sourceTree = SOURCE_ROOT; };
00000000000000000000003A = {isa = PBXFileReference; lastKnownFileType = sourcecode.swift; path = Sources/Core/CommonTextPreview.swift; sourceTree = SOURCE_ROOT; };
000000000000000000000004 = {isa = PBXFileReference; explicitFileType = wrapper.application; path = SpaceLens.app; sourceTree = BUILT_PRODUCTS_DIR; };
000000000000000000000005 = {isa = PBXFileReference; explicitFileType = "wrapper.app-extension"; path = SpaceLensPreview.appex; sourceTree = BUILT_PRODUCTS_DIR; };
000000000000000000000006 = {isa = PBXBuildFile; fileRef = 000000000000000000000001; };
000000000000000000000007 = {isa = PBXBuildFile; fileRef = 000000000000000000000002; };
000000000000000000000008 = {isa = PBXBuildFile; fileRef = 000000000000000000000003; };
000000000000000000000039 = {isa = PBXBuildFile; fileRef = 000000000000000000000038; };
00000000000000000000003B = {isa = PBXBuildFile; fileRef = 00000000000000000000003A; };
000000000000000000000009 = {isa = PBXBuildFile; fileRef = 000000000000000000000005; settings = {ATTRIBUTES = (RemoveHeadersOnCopy, ); }; };
00000000000000000000000A = {isa = PBXSourcesBuildPhase; buildActionMask = 2147483647; files = (000000000000000000000006, ); runOnlyForDeploymentPostprocessing = 0; };
00000000000000000000000B = {isa = PBXSourcesBuildPhase; buildActionMask = 2147483647; files = (000000000000000000000007, 000000000000000000000008, 000000000000000000000039, 00000000000000000000003B, ); runOnlyForDeploymentPostprocessing = 0; };
00000000000000000000000C = {isa = PBXCopyFilesBuildPhase; buildActionMask = 2147483647; dstPath = ""; dstSubfolderSpec = 13; files = (000000000000000000000009, ); name = "Embed App Extensions"; runOnlyForDeploymentPostprocessing = 0; };
00000000000000000000000D = {isa = PBXGroup; children = (000000000000000000000001, 000000000000000000000002, 000000000000000000000003, 000000000000000000000038, 00000000000000000000003A, 00000000000000000000000E, ); sourceTree = "<group>"; };
00000000000000000000000E = {isa = PBXGroup; children = (000000000000000000000004, 000000000000000000000005, ); name = Products; sourceTree = "<group>"; };
00000000000000000000000F = {isa = PBXContainerItemProxy; containerPortal = 00000000000000000000001E; proxyType = 1; remoteGlobalIDString = 000000000000000000000015; remoteInfo = SpaceLensPreview; };
000000000000000000000010 = {isa = PBXTargetDependency; target = 000000000000000000000015; targetProxy = 00000000000000000000000F; };
000000000000000000000014 = {isa = PBXNativeTarget; buildConfigurationList = 000000000000000000000029; buildPhases = (00000000000000000000000A, 00000000000000000000000C, ); buildRules = (); dependencies = (000000000000000000000010, ); name = SpaceLens; productName = SpaceLens; productReference = 000000000000000000000004; productType = "com.apple.product-type.application"; };
000000000000000000000015 = {isa = PBXNativeTarget; buildConfigurationList = 00000000000000000000002A; buildPhases = (00000000000000000000000B, ); buildRules = (); dependencies = (); name = SpaceLensPreview; productName = SpaceLensPreview; productReference = 000000000000000000000005; productType = "com.apple.product-type.app-extension"; };
00000000000000000000001E = {isa = PBXProject; attributes = {BuildIndependentTargetsInParallel = YES; LastUpgradeCheck = 2700; }; buildConfigurationList = 000000000000000000000028; compatibilityVersion = "Xcode 14.0"; developmentRegion = en; hasScannedForEncodings = 0; knownRegions = (en, Base, ); mainGroup = 00000000000000000000000D; productRefGroup = 00000000000000000000000E; projectDirPath = ""; projectRoot = ""; targets = (000000000000000000000014, 000000000000000000000015, ); };
000000000000000000000032 = {isa = XCBuildConfiguration; buildSettings = {SDKROOT = macosx; MACOSX_DEPLOYMENT_TARGET = 12.0; SWIFT_VERSION = 5.0; CLANG_ENABLE_MODULES = YES; SWIFT_STRICT_CONCURRENCY = complete; SWIFT_OPTIMIZATION_LEVEL = "-Onone"; DEBUG_INFORMATION_FORMAT = dwarf; }; name = Debug; };
000000000000000000000033 = {isa = XCBuildConfiguration; buildSettings = {SDKROOT = macosx; MACOSX_DEPLOYMENT_TARGET = 12.0; SWIFT_VERSION = 5.0; CLANG_ENABLE_MODULES = YES; SWIFT_STRICT_CONCURRENCY = complete; SWIFT_COMPILATION_MODE = wholemodule; SWIFT_OPTIMIZATION_LEVEL = "-O"; }; name = Release; };
000000000000000000000034 = {isa = XCBuildConfiguration; buildSettings = {PRODUCT_NAME = "$(TARGET_NAME)"; CODE_SIGN_IDENTITY = "-"; CODE_SIGN_STYLE = Manual; ENABLE_HARDENED_RUNTIME = YES; GENERATE_INFOPLIST_FILE = NO; PRODUCT_BUNDLE_IDENTIFIER = io.github.linzh0632.SpaceLens; INFOPLIST_FILE = "Config/App-Info.plist"; LD_RUNPATH_SEARCH_PATHS = "$(inherited) @executable_path/../Frameworks"; }; name = Debug; };
000000000000000000000035 = {isa = XCBuildConfiguration; buildSettings = {PRODUCT_NAME = "$(TARGET_NAME)"; CODE_SIGN_IDENTITY = "-"; CODE_SIGN_STYLE = Manual; ENABLE_HARDENED_RUNTIME = YES; GENERATE_INFOPLIST_FILE = NO; PRODUCT_BUNDLE_IDENTIFIER = io.github.linzh0632.SpaceLens; INFOPLIST_FILE = "Config/App-Info.plist"; LD_RUNPATH_SEARCH_PATHS = "$(inherited) @executable_path/../Frameworks"; }; name = Release; };
000000000000000000000036 = {isa = XCBuildConfiguration; buildSettings = {PRODUCT_NAME = "$(TARGET_NAME)"; CODE_SIGN_IDENTITY = "-"; CODE_SIGN_STYLE = Manual; ENABLE_HARDENED_RUNTIME = YES; GENERATE_INFOPLIST_FILE = NO; PRODUCT_BUNDLE_IDENTIFIER = io.github.linzh0632.SpaceLens.Preview; INFOPLIST_FILE = "Config/Preview-Info.plist"; CODE_SIGN_ENTITLEMENTS = Config/Preview.entitlements; APPLICATION_EXTENSION_API_ONLY = YES; SKIP_INSTALL = YES; LD_RUNPATH_SEARCH_PATHS = "$(inherited) @executable_path/../Frameworks @executable_path/../../../../Frameworks"; }; name = Debug; };
000000000000000000000037 = {isa = XCBuildConfiguration; buildSettings = {PRODUCT_NAME = "$(TARGET_NAME)"; CODE_SIGN_IDENTITY = "-"; CODE_SIGN_STYLE = Manual; ENABLE_HARDENED_RUNTIME = YES; GENERATE_INFOPLIST_FILE = NO; PRODUCT_BUNDLE_IDENTIFIER = io.github.linzh0632.SpaceLens.Preview; INFOPLIST_FILE = "Config/Preview-Info.plist"; CODE_SIGN_ENTITLEMENTS = Config/Preview.entitlements; APPLICATION_EXTENSION_API_ONLY = YES; SKIP_INSTALL = YES; LD_RUNPATH_SEARCH_PATHS = "$(inherited) @executable_path/../Frameworks @executable_path/../../../../Frameworks"; }; name = Release; };
000000000000000000000028 = {isa = XCConfigurationList; buildConfigurations = (000000000000000000000032, 000000000000000000000033, ); defaultConfigurationIsVisible = 0; defaultConfigurationName = Release; };
000000000000000000000029 = {isa = XCConfigurationList; buildConfigurations = (000000000000000000000034, 000000000000000000000035, ); defaultConfigurationIsVisible = 0; defaultConfigurationName = Release; };
00000000000000000000002A = {isa = XCConfigurationList; buildConfigurations = (000000000000000000000036, 000000000000000000000037, ); defaultConfigurationIsVisible = 0; defaultConfigurationName = Release; };
}; rootObject = 00000000000000000000001E; }
